$ANSIBLE_VAULT;1.1;AES256
36326438656434613438646339336662623936313833343763343430666237356564616266356162
6664346632303034353862303434303431643730633336660a343836306631383066373535663135
30656461306339353237663161376130343364316334663935643338343936656631623032326162
3062363664353164360a326161643738326364613831653866616435643832353231396332623433
37383032396565393762343463376533646664643339363838396161663838386361
